{
  "lockfile_version": "1",
  "packages": {
    "github:NixOS/nixpkgs/nixpkgs-unstable": {
      "resolved": "github:NixOS/nixpkgs/ebe4301cbd8f81c4f8d3244b3632338bbeb6d49c?lastModified=1744868846&narHash=sha256-5RJTdUHDmj12Qsv7XOhuospjAjATNiTMElplWnJE9Hs%3D"
    },
    "rustc@latest": {
      "last_modified": "2025-03-11T17:52:14Z",
      "plugin_version": "0.0.1",
      "resolved": "github:NixOS/nixpkgs/0d534853a55b5d02a4ababa1d71921ce8f0aee4c#rustc",
      "source": "devbox-search",
      "version": "1.85.0",
      "systems": {
        "aarch64-darwin": {
          "outputs": [
            {
              "name": "out",
              "path": "/nix/store/7i8bgpvbvnm1lkfj88mn5nspaab57d18-rustc-wrapper-1.85.0",
              "default": true
            },
            {
              "name": "man",
              "path": "/nix/store/q9d9kcvmqv981qrjw5glc46xbv46wwci-rustc-wrapper-1.85.0-man",
              "default": true
            },
            {
              "name": "doc",
              "path": "/nix/store/j4799ky1dr3c9hr6nh224nrqfzdh5plr-rustc-wrapper-1.85.0-doc"
            }
          ],
          "store_path": "/nix/store/7i8bgpvbvnm1lkfj88mn5nspaab57d18-rustc-wrapper-1.85.0"
        },
        "aarch64-linux": {
          "outputs": [
            {
              "name": "out",
              "path": "/nix/store/2sih2zzvy8y571bm55mqharsaxszinqk-rustc-wrapper-1.85.0",
              "default": true
            },
            {
              "name": "man",
              "path": "/nix/store/x4raypgmlxj0ww4yk3fz6cj6dkc77xr8-rustc-wrapper-1.85.0-man",
              "default": true
            },
            {
              "name": "doc",
              "path": "/nix/store/ndp5csiv6f9vs3my1dhhr1c0hvjaz4gm-rustc-wrapper-1.85.0-doc"
            }
          ],
          "store_path": "/nix/store/2sih2zzvy8y571bm55mqharsaxszinqk-rustc-wrapper-1.85.0"
        },
        "x86_64-darwin": {
          "outputs": [
            {
              "name": "out",
              "path": "/nix/store/79y3kxkgq5g5givwiici35k2f3lzf5px-rustc-wrapper-1.85.0",
              "default": true
            },
            {
              "name": "man",
              "path": "/nix/store/1hkp8zx2gkr76gfc6shyx4j44qdk7955-rustc-wrapper-1.85.0-man",
              "default": true
            },
            {
              "name": "doc",
              "path": "/nix/store/i1mpf9c2zpdsq8mrkvfc89cnhlchc2y0-rustc-wrapper-1.85.0-doc"
            }
          ],
          "store_path": "/nix/store/79y3kxkgq5g5givwiici35k2f3lzf5px-rustc-wrapper-1.85.0"
        },
        "x86_64-linux": {
          "outputs": [
            {
              "name": "out",
              "path": "/nix/store/fsyj2gv51gcwcs8gx44xix044hb716a5-rustc-wrapper-1.85.0",
              "default": true
            },
            {
              "name": "man",
              "path": "/nix/store/kd7b9z311n98kfwwpnxf4a8sxi1w4c0v-rustc-wrapper-1.85.0-man",
              "default": true
            },
            {
              "name": "doc",
              "path": "/nix/store/jn16p9wa4nh57khyrrm5jq9wj7xfmnm7-rustc-wrapper-1.85.0-doc"
            }
          ],
          "store_path": "/nix/store/fsyj2gv51gcwcs8gx44xix044hb716a5-rustc-wrapper-1.85.0"
        }
      }
    },
    "rustup@latest": {
      "last_modified": "2025-03-11T17:52:14Z",
      "plugin_version": "0.0.1",
      "resolved": "github:NixOS/nixpkgs/0d534853a55b5d02a4ababa1d71921ce8f0aee4c#rustup",
      "source": "devbox-search",
      "version": "1.27.1",
      "systems": {
        "aarch64-darwin": {
          "outputs": [
            {
              "name": "out",
              "path": "/nix/store/9sla9igz10qrqxjfy12x7ydjwqdgagn6-rustup-1.27.1",
              "default": true
            }
          ],
          "store_path": "/nix/store/9sla9igz10qrqxjfy12x7ydjwqdgagn6-rustup-1.27.1"
        },
        "aarch64-linux": {
          "outputs": [
            {
              "name": "out",
              "path": "/nix/store/cd8hjr11047c1ygmi3vaj01k5laknch5-rustup-1.27.1",
              "default": true
            }
          ],
          "store_path": "/nix/store/cd8hjr11047c1ygmi3vaj01k5laknch5-rustup-1.27.1"
        },
        "x86_64-darwin": {
          "outputs": [
            {
              "name": "out",
              "path": "/nix/store/0vp7amhfqdsq3d3yfv1pkb162qbpy05j-rustup-1.27.1",
              "default": true
            }
          ],
          "store_path": "/nix/store/0vp7amhfqdsq3d3yfv1pkb162qbpy05j-rustup-1.27.1"
        },
        "x86_64-linux": {
          "outputs": [
            {
              "name": "out",
              "path": "/nix/store/dl3rjwl31d31qkga5i7nnygvbcyxpfn3-rustup-1.27.1",
              "default": true
            }
          ],
          "store_path": "/nix/store/dl3rjwl31d31qkga5i7nnygvbcyxpfn3-rustup-1.27.1"
        }
      }
    }
  }
}
